
Microsoft Visual Studio Solution File, Format Version 12.00
# Visual Studio Version 17
VisualStudioVersion = 17.0.32112.339
MinimumVisualStudioVersion = 10.0.40219.1
Project("{FAE04EC0-301F-11D3-BF4B-00C04F79EFBC}") = "SimpleTrigger", "SimpleTrigger.csproj", "{5A9B4A00-E5A6-4307-92F0-442577A5DE16}"
EndProject
Global
	GlobalSection(SolutionConfigurationPlatforms) = preSolution
		Debug|Any CPU = Debug|Any CPU
		Release|Any CPU = Release|Any CPU
	EndGlobalSection
	GlobalSection(ProjectConfigurationPlatforms) = postSolution
		{5A9B4A00-E5A6-4307-92F0-442577A5DE16}.Debug|Any CPU.ActiveCfg = Debug|Any CPU
		{5A9B4A00-E5A6-4307-92F0-442577A5DE16}.Debug|Any CPU.Build.0 = Debug|Any CPU
		{5A9B4A00-E5A6-4307-92F0-442577A5DE16}.Release|Any CPU.ActiveCfg = Release|Any CPU
		{5A9B4A00-E5A6-4307-92F0-442577A5DE16}.Release|Any CPU.Build.0 = Release|Any CPU
	EndGlobalSection
	GlobalSection(SolutionProperties) = preSolution
		HideSolutionNode = FALSE
	EndGlobalSection
	GlobalSection(ExtensibilityGlobals) = postSolution
		SolutionGuid = {F61C6AA4-F33A-4FE5-8F6A-1C212DDFF435}
	EndGlobalSection
EndGlobal
